
Microsoft Visual Studio Solution File, Format Version 12.00
# Visual Studio Version 17
VisualStudioVersion = 17.0.31903.59
MinimumVisualStudioVersion = 10.0.40219.1
Project("{FAE04EC0-301F-11D3-BF4B-00C04F79EFBC}") = "GestionITM.Domain", "GestionITM.Domain\GestionITM.Domain.csproj", "{85E060FE-3339-49F0-A872-8307D1B9C650}"
EndProject
Project("{FAE04EC0-301F-11D3-BF4B-00C04F79EFBC}") = "GestionITM.Infrastructure", "GestionITM.Infrastructure\GestionITM.Infrastructure.csproj", "{4D6E60BE-8E73-451E-9525-59C6EC0410D5}"
EndProject
Project("{FAE04EC0-301F-11D3-BF4B-00C04F79EFBC}") = "GestionITM.API", "GestionITM.API\GestionITM.API.csproj", "{FB2CD1F8-4C99-4D48-B0B1-4E6DE83E7E02}"
EndProject
Global
	GlobalSection(SolutionConfigurationPlatforms) = preSolution
		Debug|Any CPU = Debug|Any CPU
		Release|Any CPU = Release|Any CPU
	EndGlobalSection
	GlobalSection(SolutionProperties) = preSolution
		HideSolutionNode = FALSE
	EndGlobalSection
	GlobalSection(ProjectConfigurationPlatforms) = postSolution
		{85E060FE-3339-49F0-A872-8307D1B9C650}.Debug|Any CPU.ActiveCfg = Debug|Any CPU
		{85E060FE-3339-49F0-A872-8307D1B9C650}.Debug|Any CPU.Build.0 = Debug|Any CPU
		{85E060FE-3339-49F0-A872-8307D1B9C650}.Release|Any CPU.ActiveCfg = Release|Any CPU
		{85E060FE-3339-49F0-A872-8307D1B9C650}.Release|Any CPU.Build.0 = Release|Any CPU
		{4D6E60BE-8E73-451E-9525-59C6EC0410D5}.Debug|Any CPU.ActiveCfg = Debug|Any CPU
		{4D6E60BE-8E73-451E-9525-59C6EC0410D5}.Debug|Any CPU.Build.0 = Debug|Any CPU
		{4D6E60BE-8E73-451E-9525-59C6EC0410D5}.Release|Any CPU.ActiveCfg = Release|Any CPU
		{4D6E60BE-8E73-451E-9525-59C6EC0410D5}.Release|Any CPU.Build.0 = Release|Any CPU
		{FB2CD1F8-4C99-4D48-B0B1-4E6DE83E7E02}.Debug|Any CPU.ActiveCfg = Debug|Any CPU
		{FB2CD1F8-4C99-4D48-B0B1-4E6DE83E7E02}.Debug|Any CPU.Build.0 = Debug|Any CPU
		{FB2CD1F8-4C99-4D48-B0B1-4E6DE83E7E02}.Release|Any CPU.ActiveCfg = Release|Any CPU
		{FB2CD1F8-4C99-4D48-B0B1-4E6DE83E7E02}.Release|Any CPU.Build.0 = Release|Any CPU
	EndGlobalSection
EndGlobal
